
Microsoft Visual Studio Solution File, Format Version 12.00
# Visual Studio 2013
VisualStudioVersion = 12.0.30723.0
MinimumVisualStudioVersion = 10.0.40219.1
Project("{FAE04EC0-301F-11D3-BF4B-00C04F79EFBC}") = "Ads", "Ads\Ads.csproj", "{950E7AD4-89D7-4B51-8777-E38B59E3A17D}"
EndProject
Project("{FAE04EC0-301F-11D3-BF4B-00C04F79EFBC}") = "Ads.Repository", "Ads.Repository\Ads.Repository.csproj", "{84860B5D-4E03-4ADD-906E-F5804B8F060B}"
EndProject
Project("{FAE04EC0-301F-11D3-BF4B-00C04F79EFBC}") = "Ads.Dominio", "Ads.Dominio\Ads.Dominio.csproj", "{5FB26D65-C4E2-443F-8FF9-67B19402DC8E}"
EndProject
Project("{FAE04EC0-301F-11D3-BF4B-00C04F79EFBC}") = "Ads.Services", "Ads.Services\Ads.Services.csproj", "{D4D6116D-7DEC-45AA-BD5F-052962AED333}"
EndProject
Project("{FAE04EC0-301F-11D3-BF4B-00C04F79EFBC}") = "Ads.Common", "Ads.Common\Ads.Common.csproj", "{E238DD91-D2C1-47FD-829C-D967F3D46C8D}"
EndProject
Project("{FAE04EC0-301F-11D3-BF4B-00C04F79EFBC}") = "Test", "Test\Test.csproj", "{E79CD7F4-9A14-4110-B22F-EA08FA3B2A94}"
EndProject
Global
	GlobalSection(SolutionConfigurationPlatforms) = preSolution
		Debug|Any CPU = Debug|Any CPU
		Release|Any CPU = Release|Any CPU
	EndGlobalSection
	GlobalSection(ProjectConfigurationPlatforms) = postSolution
		{950E7AD4-89D7-4B51-8777-E38B59E3A17D}.Debug|Any CPU.ActiveCfg = Debug|Any CPU
		{950E7AD4-89D7-4B51-8777-E38B59E3A17D}.Debug|Any CPU.Build.0 = Debug|Any CPU
		{950E7AD4-89D7-4B51-8777-E38B59E3A17D}.Release|Any CPU.ActiveCfg = Release|Any CPU
		{950E7AD4-89D7-4B51-8777-E38B59E3A17D}.Release|Any CPU.Build.0 = Release|Any CPU
		{84860B5D-4E03-4ADD-906E-F5804B8F060B}.Debug|Any CPU.ActiveCfg = Debug|Any CPU
		{84860B5D-4E03-4ADD-906E-F5804B8F060B}.Debug|Any CPU.Build.0 = Debug|Any CPU
		{84860B5D-4E03-4ADD-906E-F5804B8F060B}.Release|Any CPU.ActiveCfg = Release|Any CPU
		{84860B5D-4E03-4ADD-906E-F5804B8F060B}.Release|Any CPU.Build.0 = Release|Any CPU
		{5FB26D65-C4E2-443F-8FF9-67B19402DC8E}.Debug|Any CPU.ActiveCfg = Debug|Any CPU
		{5FB26D65-C4E2-443F-8FF9-67B19402DC8E}.Debug|Any CPU.Build.0 = Debug|Any CPU
		{5FB26D65-C4E2-443F-8FF9-67B19402DC8E}.Release|Any CPU.ActiveCfg = Release|Any CPU
		{5FB26D65-C4E2-443F-8FF9-67B19402DC8E}.Release|Any CPU.Build.0 = Release|Any CPU
		{D4D6116D-7DEC-45AA-BD5F-052962AED333}.Debug|Any CPU.ActiveCfg = Debug|Any CPU
		{D4D6116D-7DEC-45AA-BD5F-052962AED333}.Debug|Any CPU.Build.0 = Debug|Any CPU
		{D4D6116D-7DEC-45AA-BD5F-052962AED333}.Release|Any CPU.ActiveCfg = Release|Any CPU
		{D4D6116D-7DEC-45AA-BD5F-052962AED333}.Release|Any CPU.Build.0 = Release|Any CPU
		{E238DD91-D2C1-47FD-829C-D967F3D46C8D}.Debug|Any CPU.ActiveCfg = Debug|Any CPU
		{E238DD91-D2C1-47FD-829C-D967F3D46C8D}.Debug|Any CPU.Build.0 = Debug|Any CPU
		{E238DD91-D2C1-47FD-829C-D967F3D46C8D}.Release|Any CPU.ActiveCfg = Release|Any CPU
		{E238DD91-D2C1-47FD-829C-D967F3D46C8D}.Release|Any CPU.Build.0 = Release|Any CPU
		{E79CD7F4-9A14-4110-B22F-EA08FA3B2A94}.Debug|Any CPU.ActiveCfg = Debug|Any CPU
		{E79CD7F4-9A14-4110-B22F-EA08FA3B2A94}.Debug|Any CPU.Build.0 = Debug|Any CPU
		{E79CD7F4-9A14-4110-B22F-EA08FA3B2A94}.Release|Any CPU.ActiveCfg = Release|Any CPU
		{E79CD7F4-9A14-4110-B22F-EA08FA3B2A94}.Release|Any CPU.Build.0 = Release|Any CPU
	EndGlobalSection
	GlobalSection(SolutionProperties) = preSolution
		HideSolutionNode = FALSE
	EndGlobalSection
EndGlobal
